
Microsoft Visual Studio Solution File, Format Version 10.00
# Visual Studio 2008
Project("{FAE04EC0-301F-11D3-BF4B-00C04F79EFBC}") = "SuperSudoku", "SuperSudoku-2008.csproj", "{7D298F96-30DD-4148-9456-2A50BFDE5D4F}"
EndProject
Global
	GlobalSection(SolutionConfigurationPlatforms) = preSolution
		Debug|Any CPU = Debug|Any CPU
		Release|Any CPU = Release|Any CPU
	EndGlobalSection
	GlobalSection(ProjectConfigurationPlatforms) = postSolution
		{7D298F96-30DD-4148-9456-2A50BFDE5D4F}.Debug|Any CPU.ActiveCfg = Debug|Any CPU
		{7D298F96-30DD-4148-9456-2A50BFDE5D4F}.Debug|Any CPU.Build.0 = Debug|Any CPU
		{7D298F96-30DD-4148-9456-2A50BFDE5D4F}.Release|Any CPU.ActiveCfg = Release|Any CPU
		{7D298F96-30DD-4148-9456-2A50BFDE5D4F}.Release|Any CPU.Build.0 = Release|Any CPU
	EndGlobalSection
	GlobalSection(SolutionProperties) = preSolution
		HideSolutionNode = FALSE
	EndGlobalSection
EndGlobal
